
Microsoft Visual Studio Solution File, Format Version 12.00
# Visual Studio Version 17
VisualStudioVersion = 17.1.32210.238
MinimumVisualStudioVersion = 10.0.40219.1
Project("{9A19103F-16F7-4668-BE54-9A1E7A4F7556}") = "WebAPI.API", "WebAPI.API.csproj", "{71E08375-5B26-4301-BE7E-6DB56F3FB0DC}"
EndProject
Project("{9A19103F-16F7-4668-BE54-9A1E7A4F7556}") = "WebAPI.Interfaces", "..\WebAPI.Interfaces\WebAPI.Interfaces.csproj", "{71171D40-DE9F-49A4-B2F7-4B27879D78BF}"
EndProject
Project("{9A19103F-16F7-4668-BE54-9A1E7A4F7556}") = "WebAPI.Services", "..\WebAPI.Services\WebAPI.Services.csproj", "{4FEBDB79-055F-4F31-92E5-8A1766A868E3}"
EndProject
Project("{9A19103F-16F7-4668-BE54-9A1E7A4F7556}") = "WebAPI.Common", "..\WebAPI.Common\WebAPI.Common.csproj", "{195D2AD7-0A28-4030-B72B-30038BF37C29}"
EndProject
Project("{9A19103F-16F7-4668-BE54-9A1E7A4F7556}") = "WebAPI.DataPersistance", "..\WebAPI.DataPersistance\WebAPI.DataPersistance.csproj", "{9C1B4A81-1AA8-4D41-959B-D010FC148F03}"
EndProject
Global
	GlobalSection(SolutionConfigurationPlatforms) = preSolution
		Debug|Any CPU = Debug|Any CPU
		Release|Any CPU = Release|Any CPU
	EndGlobalSection
	GlobalSection(ProjectConfigurationPlatforms) = postSolution
		{71E08375-5B26-4301-BE7E-6DB56F3FB0DC}.Debug|Any CPU.ActiveCfg = Debug|Any CPU
		{71E08375-5B26-4301-BE7E-6DB56F3FB0DC}.Debug|Any CPU.Build.0 = Debug|Any CPU
		{71E08375-5B26-4301-BE7E-6DB56F3FB0DC}.Release|Any CPU.ActiveCfg = Release|Any CPU
		{71E08375-5B26-4301-BE7E-6DB56F3FB0DC}.Release|Any CPU.Build.0 = Release|Any CPU
		{71171D40-DE9F-49A4-B2F7-4B27879D78BF}.Debug|Any CPU.ActiveCfg = Debug|Any CPU
		{71171D40-DE9F-49A4-B2F7-4B27879D78BF}.Debug|Any CPU.Build.0 = Debug|Any CPU
		{71171D40-DE9F-49A4-B2F7-4B27879D78BF}.Release|Any CPU.ActiveCfg = Release|Any CPU
		{71171D40-DE9F-49A4-B2F7-4B27879D78BF}.Release|Any CPU.Build.0 = Release|Any CPU
		{4FEBDB79-055F-4F31-92E5-8A1766A868E3}.Debug|Any CPU.ActiveCfg = Debug|Any CPU
		{4FEBDB79-055F-4F31-92E5-8A1766A868E3}.Debug|Any CPU.Build.0 = Debug|Any CPU
		{4FEBDB79-055F-4F31-92E5-8A1766A868E3}.Release|Any CPU.ActiveCfg = Release|Any CPU
		{4FEBDB79-055F-4F31-92E5-8A1766A868E3}.Release|Any CPU.Build.0 = Release|Any CPU
		{195D2AD7-0A28-4030-B72B-30038BF37C29}.Debug|Any CPU.ActiveCfg = Debug|Any CPU
		{195D2AD7-0A28-4030-B72B-30038BF37C29}.Debug|Any CPU.Build.0 = Debug|Any CPU
		{195D2AD7-0A28-4030-B72B-30038BF37C29}.Release|Any CPU.ActiveCfg = Release|Any CPU
		{195D2AD7-0A28-4030-B72B-30038BF37C29}.Release|Any CPU.Build.0 = Release|Any CPU
		{9C1B4A81-1AA8-4D41-959B-D010FC148F03}.Debug|Any CPU.ActiveCfg = Debug|Any CPU
		{9C1B4A81-1AA8-4D41-959B-D010FC148F03}.Debug|Any CPU.Build.0 = Debug|Any CPU
		{9C1B4A81-1AA8-4D41-959B-D010FC148F03}.Release|Any CPU.ActiveCfg = Release|Any CPU
		{9C1B4A81-1AA8-4D41-959B-D010FC148F03}.Release|Any CPU.Build.0 = Release|Any CPU
	EndGlobalSection
	GlobalSection(SolutionProperties) = preSolution
		HideSolutionNode = FALSE
	EndGlobalSection
	GlobalSection(ExtensibilityGlobals) = postSolution
		SolutionGuid = {6A3C1B69-D09E-4789-8977-1418B465954B}
	EndGlobalSection
EndGlobal
